
Microsoft Visual Studio Solution File, Format Version 12.00
# Visual Studio Version 16
VisualStudioVersion = 16.0.31624.102
MinimumVisualStudioVersion = 10.0.40219.1
Project("{2150E333-8FDC-42A3-9474-1A3956D46DE8}") = "Services", "Services", "{F5F151B6-0690-4205-ADF7-4F44082A69E9}"
EndProject
Project("{2150E333-8FDC-42A3-9474-1A3956D46DE8}") = "Catalog", "Catalog", "{119DA29D-5116-4AC7-9975-7531D8CD0767}"
EndProject
Project("{9A19103F-16F7-4668-BE54-9A1E7A4F7556}") = "Catalog.API", "Services\Catalog\Catalog.API\Catalog.API.csproj", "{A2B2B4A8-2112-4D76-AD43-88B74CFFAB5C}"
EndProject
Project("{E53339B2-1760-4266-BCC7-CA923CBCF16C}") = "docker-compose", "docker-compose.dcproj", "{467AA40E-DCA1-445F-BE74-E47329F28823}"
EndProject
Project("{2150E333-8FDC-42A3-9474-1A3956D46DE8}") = "Basket", "Basket", "{7CEEBCF3-ED9F-4B17-9DE9-5EBED96439F6}"
EndProject
Project("{9A19103F-16F7-4668-BE54-9A1E7A4F7556}") = "Basket.API", "Services\Basket\Basket.API\Basket.API.csproj", "{630B1B63-2FC0-4470-A08B-CBB7B4B95FAC}"
EndProject
Project("{2150E333-8FDC-42A3-9474-1A3956D46DE8}") = "Discount", "Discount", "{6F07A89C-5DBB-4C1A-A86A-F56632451247}"
EndProject
Project("{9A19103F-16F7-4668-BE54-9A1E7A4F7556}") = "Discount.API", "Services\Discount\Discount.API\Discount.API.csproj", "{DDE31A08-2FA1-4019-9ED7-734FB49D555D}"
EndProject
Project("{9A19103F-16F7-4668-BE54-9A1E7A4F7556}") = "Discount.Grpc", "Services\Discount\Discount.Grpc\Discount.Grpc.csproj", "{49AB2292-B681-490A-92A7-33D83BFE258F}"
EndProject
Project("{2150E333-8FDC-42A3-9474-1A3956D46DE8}") = "Ordering", "Ordering", "{8B0BC61B-9D58-4739-AFEC-D50DDCC034E1}"
EndProject
Project("{9A19103F-16F7-4668-BE54-9A1E7A4F7556}") = "Ordering.API", "Services\Ordering\Ordering.API\Ordering.API.csproj", "{C16E80E5-0598-4A95-A335-8A2A3B9B9DC7}"
EndProject
Project("{9A19103F-16F7-4668-BE54-9A1E7A4F7556}") = "Ordering.Domain", "Services\Ordering\Ordering.Domain\Ordering.Domain.csproj", "{340E91FB-3B52-44AA-AA98-B6C91F47F845}"
EndProject
Project("{9A19103F-16F7-4668-BE54-9A1E7A4F7556}") = "Ordering.Application", "Services\Ordering\Ordering.Application\Ordering.Application.csproj", "{7FB564E5-4CB4-4240-957D-4E73B022F56C}"
EndProject
Project("{9A19103F-16F7-4668-BE54-9A1E7A4F7556}") = "Ordering.Infrastructure", "Services\Ordering\Ordering.Infrastructure\Ordering.Infrastructure.csproj", "{03F09E63-E784-4D60-B656-B48506AB700C}"
EndProject
Project("{2150E333-8FDC-42A3-9474-1A3956D46DE8}") = "BuildingBlocks", "BuildingBlocks", "{057B46DA-FE92-477D-8BA4-EB09D286A425}"
EndProject
Project("{FAE04EC0-301F-11D3-BF4B-00C04F79EFBC}") = "EventBus.Messages", "BuildingBlocks\EventBus.Messages\EventBus.Messages.csproj", "{5C3718CC-5900-4300-8F85-BA9EEC0D1BA8}"
EndProject
Global
	GlobalSection(SolutionConfigurationPlatforms) = preSolution
		Debug|Any CPU = Debug|Any CPU
		Release|Any CPU = Release|Any CPU
	EndGlobalSection
	GlobalSection(ProjectConfigurationPlatforms) = postSolution
		{A2B2B4A8-2112-4D76-AD43-88B74CFFAB5C}.Debug|Any CPU.ActiveCfg = Debug|Any CPU
		{A2B2B4A8-2112-4D76-AD43-88B74CFFAB5C}.Debug|Any CPU.Build.0 = Debug|Any CPU
		{A2B2B4A8-2112-4D76-AD43-88B74CFFAB5C}.Release|Any CPU.ActiveCfg = Release|Any CPU
		{A2B2B4A8-2112-4D76-AD43-88B74CFFAB5C}.Release|Any CPU.Build.0 = Release|Any CPU
		{467AA40E-DCA1-445F-BE74-E47329F28823}.Debug|Any CPU.ActiveCfg = Debug|Any CPU
		{467AA40E-DCA1-445F-BE74-E47329F28823}.Debug|Any CPU.Build.0 = Debug|Any CPU
		{467AA40E-DCA1-445F-BE74-E47329F28823}.Release|Any CPU.ActiveCfg = Release|Any CPU
		{467AA40E-DCA1-445F-BE74-E47329F28823}.Release|Any CPU.Build.0 = Release|Any CPU
		{630B1B63-2FC0-4470-A08B-CBB7B4B95FAC}.Debug|Any CPU.ActiveCfg = Debug|Any CPU
		{630B1B63-2FC0-4470-A08B-CBB7B4B95FAC}.Debug|Any CPU.Build.0 = Debug|Any CPU
		{630B1B63-2FC0-4470-A08B-CBB7B4B95FAC}.Release|Any CPU.ActiveCfg = Release|Any CPU
		{630B1B63-2FC0-4470-A08B-CBB7B4B95FAC}.Release|Any CPU.Build.0 = Release|Any CPU
		{DDE31A08-2FA1-4019-9ED7-734FB49D555D}.Debug|Any CPU.ActiveCfg = Debug|Any CPU
		{DDE31A08-2FA1-4019-9ED7-734FB49D555D}.Debug|Any CPU.Build.0 = Debug|Any CPU
		{DDE31A08-2FA1-4019-9ED7-734FB49D555D}.Release|Any CPU.ActiveCfg = Release|Any CPU
		{DDE31A08-2FA1-4019-9ED7-734FB49D555D}.Release|Any CPU.Build.0 = Release|Any CPU
		{49AB2292-B681-490A-92A7-33D83BFE258F}.Debug|Any CPU.ActiveCfg = Debug|Any CPU
		{49AB2292-B681-490A-92A7-33D83BFE258F}.Debug|Any CPU.Build.0 = Debug|Any CPU
		{49AB2292-B681-490A-92A7-33D83BFE258F}.Release|Any CPU.ActiveCfg = Release|Any CPU
		{49AB2292-B681-490A-92A7-33D83BFE258F}.Release|Any CPU.Build.0 = Release|Any CPU
		{C16E80E5-0598-4A95-A335-8A2A3B9B9DC7}.Debug|Any CPU.ActiveCfg = Debug|Any CPU
		{C16E80E5-0598-4A95-A335-8A2A3B9B9DC7}.Debug|Any CPU.Build.0 = Debug|Any CPU
		{C16E80E5-0598-4A95-A335-8A2A3B9B9DC7}.Release|Any CPU.ActiveCfg = Release|Any CPU
		{C16E80E5-0598-4A95-A335-8A2A3B9B9DC7}.Release|Any CPU.Build.0 = Release|Any CPU
		{340E91FB-3B52-44AA-AA98-B6C91F47F845}.Debug|Any CPU.ActiveCfg = Debug|Any CPU
		{340E91FB-3B52-44AA-AA98-B6C91F47F845}.Debug|Any CPU.Build.0 = Debug|Any CPU
		{340E91FB-3B52-44AA-AA98-B6C91F47F845}.Release|Any CPU.ActiveCfg = Release|Any CPU
		{340E91FB-3B52-44AA-AA98-B6C91F47F845}.Release|Any CPU.Build.0 = Release|Any CPU
		{7FB564E5-4CB4-4240-957D-4E73B022F56C}.Debug|Any CPU.ActiveCfg = Debug|Any CPU
		{7FB564E5-4CB4-4240-957D-4E73B022F56C}.Debug|Any CPU.Build.0 = Debug|Any CPU
		{7FB564E5-4CB4-4240-957D-4E73B022F56C}.Release|Any CPU.ActiveCfg = Release|Any CPU
		{7FB564E5-4CB4-4240-957D-4E73B022F56C}.Release|Any CPU.Build.0 = Release|Any CPU
		{03F09E63-E784-4D60-B656-B48506AB700C}.Debug|Any CPU.ActiveCfg = Debug|Any CPU
		{03F09E63-E784-4D60-B656-B48506AB700C}.Debug|Any CPU.Build.0 = Debug|Any CPU
		{03F09E63-E784-4D60-B656-B48506AB700C}.Release|Any CPU.ActiveCfg = Release|Any CPU
		{03F09E63-E784-4D60-B656-B48506AB700C}.Release|Any CPU.Build.0 = Release|Any CPU
		{5C3718CC-5900-4300-8F85-BA9EEC0D1BA8}.Debug|Any CPU.ActiveCfg = Debug|Any CPU
		{5C3718CC-5900-4300-8F85-BA9EEC0D1BA8}.Debug|Any CPU.Build.0 = Debug|Any CPU
		{5C3718CC-5900-4300-8F85-BA9EEC0D1BA8}.Release|Any CPU.ActiveCfg = Release|Any CPU
		{5C3718CC-5900-4300-8F85-BA9EEC0D1BA8}.Release|Any CPU.Build.0 = Release|Any CPU
	EndGlobalSection
	GlobalSection(SolutionProperties) = preSolution
		HideSolutionNode = FALSE
	EndGlobalSection
	GlobalSection(NestedProjects) = preSolution
		{119DA29D-5116-4AC7-9975-7531D8CD0767} = {F5F151B6-0690-4205-ADF7-4F44082A69E9}
		{A2B2B4A8-2112-4D76-AD43-88B74CFFAB5C} = {119DA29D-5116-4AC7-9975-7531D8CD0767}
		{7CEEBCF3-ED9F-4B17-9DE9-5EBED96439F6} = {F5F151B6-0690-4205-ADF7-4F44082A69E9}
		{630B1B63-2FC0-4470-A08B-CBB7B4B95FAC} = {7CEEBCF3-ED9F-4B17-9DE9-5EBED96439F6}
		{6F07A89C-5DBB-4C1A-A86A-F56632451247} = {F5F151B6-0690-4205-ADF7-4F44082A69E9}
		{DDE31A08-2FA1-4019-9ED7-734FB49D555D} = {6F07A89C-5DBB-4C1A-A86A-F56632451247}
		{49AB2292-B681-490A-92A7-33D83BFE258F} = {6F07A89C-5DBB-4C1A-A86A-F56632451247}
		{8B0BC61B-9D58-4739-AFEC-D50DDCC034E1} = {F5F151B6-0690-4205-ADF7-4F44082A69E9}
		{C16E80E5-0598-4A95-A335-8A2A3B9B9DC7} = {8B0BC61B-9D58-4739-AFEC-D50DDCC034E1}
		{340E91FB-3B52-44AA-AA98-B6C91F47F845} = {8B0BC61B-9D58-4739-AFEC-D50DDCC034E1}
		{7FB564E5-4CB4-4240-957D-4E73B022F56C} = {8B0BC61B-9D58-4739-AFEC-D50DDCC034E1}
		{03F09E63-E784-4D60-B656-B48506AB700C} = {8B0BC61B-9D58-4739-AFEC-D50DDCC034E1}
		{5C3718CC-5900-4300-8F85-BA9EEC0D1BA8} = {057B46DA-FE92-477D-8BA4-EB09D286A425}
	EndGlobalSection
	GlobalSection(ExtensibilityGlobals) = postSolution
		SolutionGuid = {53671C6A-E579-4550-A515-91C7F9FC71DF}
	EndGlobalSection
EndGlobal
